
Microsoft Visual Studio Solution File, Format Version 12.00
# Visual Studio Version 17
VisualStudioVersion = 17.14.36301.6 d17.14
MinimumVisualStudioVersion = 10.0.40219.1
Project("{FAE04EC0-301F-11D3-BF4B-00C04F79EFBC}") = "eCommerce.WebApi", "eCommerce.WebApi\eCommerce.WebApi.csproj", "{9A185CE0-B520-4AEB-83ED-A890945557FE}"
EndProject
Global
	GlobalSection(SolutionConfigurationPlatforms) = preSolution
		Debug|Any CPU = Debug|Any CPU
		Release|Any CPU = Release|Any CPU
	EndGlobalSection
	GlobalSection(ProjectConfigurationPlatforms) = postSolution
		{9A185CE0-B520-4AEB-83ED-A890945557FE}.Debug|Any CPU.ActiveCfg = Debug|Any CPU
		{9A185CE0-B520-4AEB-83ED-A890945557FE}.Debug|Any CPU.Build.0 = Debug|Any CPU
		{9A185CE0-B520-4AEB-83ED-A890945557FE}.Release|Any CPU.ActiveCfg = Release|Any CPU
		{9A185CE0-B520-4AEB-83ED-A890945557FE}.Release|Any CPU.Build.0 = Release|Any CPU
	EndGlobalSection
	GlobalSection(SolutionProperties) = preSolution
		HideSolutionNode = FALSE
	EndGlobalSection
	GlobalSection(ExtensibilityGlobals) = postSolution
		SolutionGuid = {615B5B09-5942-4263-9F69-D23C667646D3}
	EndGlobalSection
EndGlobal
